
Microsoft Visual Studio Solution File, Format Version 12.00
# Visual Studio Version 16
VisualStudioVersion = 16.0.28315.86
MinimumVisualStudioVersion = 10.0.40219.1
Project("{2150E333-8FDC-42A3-9474-1A3956D46DE8}") = "Engine", "Engine", "{94A6C6F3-99B3-346E-9557-ABF9D4064DBD}"
EndProject
Project("{2150E333-8FDC-42A3-9474-1A3956D46DE8}") = "Games", "Games", "{8E2F6A87-1826-34F4-940C-CC23A48F9FE4}"
EndProject
Project("{8BC9CEB8-8B4A-11D0-8D11-00A0C91BC942}") = "UE4", "Intermediate\ProjectFiles\UE4.vcxproj", "{6FB6DCA2-BC86-4706-AAD4-A436F733DCB1}"
EndProject
Project("{2150E333-8FDC-42A3-9474-1A3956D46DE8}") = "Visualizers", "Visualizers", "{1CCEC849-CC72-4C59-8C36-2F7C38706D4C}"
	ProjectSection(SolutionItems) = preProject
		..\..\..\..\..\..\Gaming Services\Epic Games\UE_4.26\Engine\Extras\VisualStudioDebugging\UE4.natvis = ..\..\..\..\..\..\Gaming Services\Epic Games\UE_4.26\Engine\Extras\VisualStudioDebugging\UE4.natvis
	EndProjectSection
EndProject
Project("{FAE04EC0-301F-11D3-BF4B-00C04F79EFBC}") = "TileGameUI", "TileGameUI\TileGameUI.csproj", "{8EC400C2-ADD4-4914-A07C-4DAE3ED8EBD2}"
EndProject
Global
	GlobalSection(SolutionConfigurationPlatforms) = preSolution
		DebugGame Editor|Win32 = DebugGame Editor|Win32
		DebugGame Editor|Win64 = DebugGame Editor|Win64
		DebugGame|Win32 = DebugGame|Win32
		DebugGame|Win64 = DebugGame|Win64
		Development Editor|Win32 = Development Editor|Win32
		Development Editor|Win64 = Development Editor|Win64
		Development|Win32 = Development|Win32
		Development|Win64 = Development|Win64
		Shipping|Win32 = Shipping|Win32
		Shipping|Win64 = Shipping|Win64
	EndGlobalSection
	GlobalSection(ProjectConfigurationPlatforms) = postSolution
		{6FB6DCA2-BC86-4706-AAD4-A436F733DCB1}.DebugGame Editor|Win32.ActiveCfg = BuiltWithUnrealBuildTool|Win32
		{6FB6DCA2-BC86-4706-AAD4-A436F733DCB1}.DebugGame Editor|Win64.ActiveCfg = BuiltWithUnrealBuildTool|Win32
		{6FB6DCA2-BC86-4706-AAD4-A436F733DCB1}.DebugGame|Win32.ActiveCfg = BuiltWithUnrealBuildTool|Win32
		{6FB6DCA2-BC86-4706-AAD4-A436F733DCB1}.DebugGame|Win64.ActiveCfg = BuiltWithUnrealBuildTool|Win32
		{6FB6DCA2-BC86-4706-AAD4-A436F733DCB1}.Development Editor|Win32.ActiveCfg = BuiltWithUnrealBuildTool|Win32
		{6FB6DCA2-BC86-4706-AAD4-A436F733DCB1}.Development Editor|Win64.ActiveCfg = BuiltWithUnrealBuildTool|Win32
		{6FB6DCA2-BC86-4706-AAD4-A436F733DCB1}.Development|Win32.ActiveCfg = BuiltWithUnrealBuildTool|Win32
		{6FB6DCA2-BC86-4706-AAD4-A436F733DCB1}.Development|Win64.ActiveCfg = BuiltWithUnrealBuildTool|Win32
		{6FB6DCA2-BC86-4706-AAD4-A436F733DCB1}.Shipping|Win32.ActiveCfg = BuiltWithUnrealBuildTool|Win32
		{6FB6DCA2-BC86-4706-AAD4-A436F733DCB1}.Shipping|Win64.ActiveCfg = BuiltWithUnrealBuildTool|Win32
		{8EC400C2-ADD4-4914-A07C-4DAE3ED8EBD2}.DebugGame Editor|Win32.ActiveCfg = Debug|Any CPU
		{8EC400C2-ADD4-4914-A07C-4DAE3ED8EBD2}.DebugGame Editor|Win32.Build.0 = Debug|Any CPU
		{8EC400C2-ADD4-4914-A07C-4DAE3ED8EBD2}.DebugGame Editor|Win64.ActiveCfg = Debug|Any CPU
		{8EC400C2-ADD4-4914-A07C-4DAE3ED8EBD2}.DebugGame Editor|Win64.Build.0 = Debug|Any CPU
		{8EC400C2-ADD4-4914-A07C-4DAE3ED8EBD2}.DebugGame|Win32.ActiveCfg = Debug|Any CPU
		{8EC400C2-ADD4-4914-A07C-4DAE3ED8EBD2}.DebugGame|Win32.Build.0 = Debug|Any CPU
		{8EC400C2-ADD4-4914-A07C-4DAE3ED8EBD2}.DebugGame|Win64.ActiveCfg = Debug|Any CPU
		{8EC400C2-ADD4-4914-A07C-4DAE3ED8EBD2}.DebugGame|Win64.Build.0 = Debug|Any CPU
		{8EC400C2-ADD4-4914-A07C-4DAE3ED8EBD2}.Development Editor|Win32.ActiveCfg = Debug|Any CPU
		{8EC400C2-ADD4-4914-A07C-4DAE3ED8EBD2}.Development Editor|Win32.Build.0 = Debug|Any CPU
		{8EC400C2-ADD4-4914-A07C-4DAE3ED8EBD2}.Development Editor|Win64.ActiveCfg = Debug|Any CPU
		{8EC400C2-ADD4-4914-A07C-4DAE3ED8EBD2}.Development Editor|Win64.Build.0 = Debug|Any CPU
		{8EC400C2-ADD4-4914-A07C-4DAE3ED8EBD2}.Development|Win32.ActiveCfg = Debug|Any CPU
		{8EC400C2-ADD4-4914-A07C-4DAE3ED8EBD2}.Development|Win32.Build.0 = Debug|Any CPU
		{8EC400C2-ADD4-4914-A07C-4DAE3ED8EBD2}.Development|Win64.ActiveCfg = Debug|Any CPU
		{8EC400C2-ADD4-4914-A07C-4DAE3ED8EBD2}.Development|Win64.Build.0 = Debug|Any CPU
		{8EC400C2-ADD4-4914-A07C-4DAE3ED8EBD2}.Shipping|Win32.ActiveCfg = Debug|Any CPU
		{8EC400C2-ADD4-4914-A07C-4DAE3ED8EBD2}.Shipping|Win32.Build.0 = Debug|Any CPU
		{8EC400C2-ADD4-4914-A07C-4DAE3ED8EBD2}.Shipping|Win64.ActiveCfg = Debug|Any CPU
		{8EC400C2-ADD4-4914-A07C-4DAE3ED8EBD2}.Shipping|Win64.Build.0 = Debug|Any CPU
	EndGlobalSection
	GlobalSection(SolutionProperties) = preSolution
		HideSolutionNode = FALSE
	EndGlobalSection
	GlobalSection(NestedProjects) = preSolution
		{6FB6DCA2-BC86-4706-AAD4-A436F733DCB1} = {94A6C6F3-99B3-346E-9557-ABF9D4064DBD}
		{8EC400C2-ADD4-4914-A07C-4DAE3ED8EBD2} = {8E2F6A87-1826-34F4-940C-CC23A48F9FE4}
	EndGlobalSection
EndGlobal
